
Microsoft Visual Studio Solution File, Format Version 12.00
# Visual Studio Version 18
VisualStudioVersion = 18.0.11018.127 d18.0
MinimumVisualStudioVersion = 10.0.40219.1
Project("{FAE04EC0-301F-11D3-BF4B-00C04F79EFBC}") = "disease-outbreaks-detector", "disease-outbreaks-detector.csproj", "{49983B56-6AD0-48B9-93C3-F6CD0CE25422}"
EndProject
Global
	GlobalSection(SolutionConfigurationPlatforms) = preSolution
		Debug|Any CPU = Debug|Any CPU
		Release|Any CPU = Release|Any CPU
	EndGlobalSection
	GlobalSection(ProjectConfigurationPlatforms) = postSolution
		{49983B56-6AD0-48B9-93C3-F6CD0CE25422}.Debug|Any CPU.ActiveCfg = Debug|Any CPU
		{49983B56-6AD0-48B9-93C3-F6CD0CE25422}.Debug|Any CPU.Build.0 = Debug|Any CPU
		{49983B56-6AD0-48B9-93C3-F6CD0CE25422}.Release|Any CPU.ActiveCfg = Release|Any CPU
		{49983B56-6AD0-48B9-93C3-F6CD0CE25422}.Release|Any CPU.Build.0 = Release|Any CPU
	EndGlobalSection
	GlobalSection(SolutionProperties) = preSolution
		HideSolutionNode = FALSE
	EndGlobalSection
	GlobalSection(ExtensibilityGlobals) = postSolution
		SolutionGuid = {93561A2E-8D63-45BE-A448-9FB266AC7767}
	EndGlobalSection
EndGlobal
